
Microsoft Visual Studio Solution File, Format Version 12.00
# Visual Studio Version 16
VisualStudioVersion = 16.0.29123.88
MinimumVisualStudioVersion = 10.0.40219.1
Project("{FAE04EC0-301F-11D3-BF4B-00C04F79EFBC}") = "studentAndEmployee", "studentAndEmployee.csproj", "{BA9576A1-2E40-49E9-8E86-919DED95B5BB}"
EndProject
Global
	GlobalSection(SolutionConfigurationPlatforms) = preSolution
		Debug|Any CPU = Debug|Any CPU
		Release|Any CPU = Release|Any CPU
	EndGlobalSection
	GlobalSection(ProjectConfigurationPlatforms) = postSolution
		{BA9576A1-2E40-49E9-8E86-919DED95B5BB}.Debug|Any CPU.ActiveCfg = Debug|Any CPU
		{BA9576A1-2E40-49E9-8E86-919DED95B5BB}.Debug|Any CPU.Build.0 = Debug|Any CPU
		{BA9576A1-2E40-49E9-8E86-919DED95B5BB}.Release|Any CPU.ActiveCfg = Release|Any CPU
		{BA9576A1-2E40-49E9-8E86-919DED95B5BB}.Release|Any CPU.Build.0 = Release|Any CPU
	EndGlobalSection
	GlobalSection(SolutionProperties) = preSolution
		HideSolutionNode = FALSE
	EndGlobalSection
	GlobalSection(ExtensibilityGlobals) = postSolution
		SolutionGuid = {D325D270-82CD-4A19-912E-6A9710225EC1}
	EndGlobalSection
EndGlobal
